
Microsoft Visual Studio Solution File, Format Version 12.00
# Visual Studio Version 16
VisualStudioVersion = 25.0.1704.5
MinimumVisualStudioVersion = 10.0.40219.1
Project("{FAE04EC0-301F-11D3-BF4B-00C04F79EFBC}") = "QuantU", "QuantU\QuantU.csproj", "{865ED9DC-AA08-4138-A11C-581F1E9AFB98}"
EndProject
Global
	GlobalSection(SolutionConfigurationPlatforms) = preSolution
		Debug|Any CPU = Debug|Any CPU
		Release|Any CPU = Release|Any CPU
	EndGlobalSection
	GlobalSection(ProjectConfigurationPlatforms) = postSolution
		{865ED9DC-AA08-4138-A11C-581F1E9AFB98}.Debug|Any CPU.ActiveCfg = Debug|Any CPU
		{865ED9DC-AA08-4138-A11C-581F1E9AFB98}.Debug|Any CPU.Build.0 = Debug|Any CPU
		{865ED9DC-AA08-4138-A11C-581F1E9AFB98}.Release|Any CPU.ActiveCfg = Release|Any CPU
		{865ED9DC-AA08-4138-A11C-581F1E9AFB98}.Release|Any CPU.Build.0 = Release|Any CPU
	EndGlobalSection
	GlobalSection(SolutionProperties) = preSolution
		HideSolutionNode = FALSE
	EndGlobalSection
	GlobalSection(ExtensibilityGlobals) = postSolution
		SolutionGuid = {0C85A68C-45C4-4A51-9848-CAA823313595}
	EndGlobalSection
EndGlobal
